
Microsoft Visual Studio Solution File, Format Version 12.00
# Visual Studio Version 16
VisualStudioVersion = 16.0.30011.22
MinimumVisualStudioVersion = 10.0.40219.1
Project("{FAE04EC0-301F-11D3-BF4B-00C04F79EFBC}") = "DemoReflection", "DemoReflection\DemoReflection.csproj", "{4CA26562-3A25-4E86-A3AE-9368035BBE74}"
EndProject
Global
	GlobalSection(SolutionConfigurationPlatforms) = preSolution
		Debug|Any CPU = Debug|Any CPU
		Release|Any CPU = Release|Any CPU
	EndGlobalSection
	GlobalSection(ProjectConfigurationPlatforms) = postSolution
		{4CA26562-3A25-4E86-A3AE-9368035BBE74}.Debug|Any CPU.ActiveCfg = Debug|Any CPU
		{4CA26562-3A25-4E86-A3AE-9368035BBE74}.Debug|Any CPU.Build.0 = Debug|Any CPU
		{4CA26562-3A25-4E86-A3AE-9368035BBE74}.Release|Any CPU.ActiveCfg = Release|Any CPU
		{4CA26562-3A25-4E86-A3AE-9368035BBE74}.Release|Any CPU.Build.0 = Release|Any CPU
	EndGlobalSection
	GlobalSection(SolutionProperties) = preSolution
		HideSolutionNode = FALSE
	EndGlobalSection
	GlobalSection(ExtensibilityGlobals) = postSolution
		SolutionGuid = {B43D2B6D-A6D8-42AD-B01C-F895122AF1DC}
	EndGlobalSection
EndGlobal
