
Microsoft Visual Studio Solution File, Format Version 12.00
# Visual Studio Version 16
VisualStudioVersion = 16.0.30011.22
MinimumVisualStudioVersion = 10.0.40219.1
Project("{FAE04EC0-301F-11D3-BF4B-00C04F79EFBC}") = "StringExtensions", "StringExtensions\StringExtensions.csproj", "{74D7B1AE-AEE4-41DF-8A32-08F5E7A8A04A}"
EndProject
Global
	GlobalSection(SolutionConfigurationPlatforms) = preSolution
		Debug|Any CPU = Debug|Any CPU
		Release|Any CPU = Release|Any CPU
	EndGlobalSection
	GlobalSection(ProjectConfigurationPlatforms) = postSolution
		{74D7B1AE-AEE4-41DF-8A32-08F5E7A8A04A}.Debug|Any CPU.ActiveCfg = Debug|Any CPU
		{74D7B1AE-AEE4-41DF-8A32-08F5E7A8A04A}.Debug|Any CPU.Build.0 = Debug|Any CPU
		{74D7B1AE-AEE4-41DF-8A32-08F5E7A8A04A}.Release|Any CPU.ActiveCfg = Release|Any CPU
		{74D7B1AE-AEE4-41DF-8A32-08F5E7A8A04A}.Release|Any CPU.Build.0 = Release|Any CPU
	EndGlobalSection
	GlobalSection(SolutionProperties) = preSolution
		HideSolutionNode = FALSE
	EndGlobalSection
	GlobalSection(ExtensibilityGlobals) = postSolution
		SolutionGuid = {5BDF5962-E772-49B0-ADA2-2AC076D5FE9D}
	EndGlobalSection
EndGlobal
